
Microsoft Visual Studio Solution File, Format Version 12.00
# Visual Studio Version 17
VisualStudioVersion = 17.0.31903.59
MinimumVisualStudioVersion = 10.0.40219.1
Project("{FAE04EC0-301F-11D3-BF4B-00C04F79EFBC}") = "Day1", "Day1\Day1.csproj", "{FED8640D-6BC3-4CEB-A243-5779030FFE6A}"
EndProject
Project("{FAE04EC0-301F-11D3-BF4B-00C04F79EFBC}") = "Day2", "Day2\Day2.csproj", "{6F74A014-CB86-4214-8C8B-75494624B524}"
EndProject
Project("{FAE04EC0-301F-11D3-BF4B-00C04F79EFBC}") = "Day3", "Day3\Day3.csproj", "{98EF8562-29F3-445B-926E-BE4462740F01}"
EndProject
Project("{FAE04EC0-301F-11D3-BF4B-00C04F79EFBC}") = "Day4", "Day4\Day4.csproj", "{063736DB-C729-4C64-81EF-11E1634F1B3A}"
EndProject
Project("{FAE04EC0-301F-11D3-BF4B-00C04F79EFBC}") = "Day5", "Day5\Day5.csproj", "{67D20CD2-81F9-4EA0-B141-386E9D40D5AB}"
EndProject
Project("{FAE04EC0-301F-11D3-BF4B-00C04F79EFBC}") = "Day6", "Day6\Day6.csproj", "{13B582B2-AD87-4E4B-AB9B-2A37F73084DB}"
EndProject
Project("{FAE04EC0-301F-11D3-BF4B-00C04F79EFBC}") = "Day7", "Day7\Day7.csproj", "{43E579C4-9F62-4640-B06A-3497A4A618BC}"
EndProject
Project("{FAE04EC0-301F-11D3-BF4B-00C04F79EFBC}") = "Day8", "Day8\Day8.csproj", "{084CA24F-FB2A-4D29-955C-C4D953022509}"
EndProject
Project("{FAE04EC0-301F-11D3-BF4B-00C04F79EFBC}") = "Day9", "Day9\Day9.csproj", "{695F3697-54B6-44C5-B442-E99E8FD92F95}"
EndProject
Project("{FAE04EC0-301F-11D3-BF4B-00C04F79EFBC}") = "Day10", "Day10\Day10.csproj", "{B1EEBF75-9D0D-4665-9C58-D795A13EE762}"
EndProject
Global
	GlobalSection(SolutionConfigurationPlatforms) = preSolution
		Debug|Any CPU = Debug|Any CPU
		Release|Any CPU = Release|Any CPU
	EndGlobalSection
	GlobalSection(SolutionProperties) = preSolution
		HideSolutionNode = FALSE
	EndGlobalSection
	GlobalSection(ProjectConfigurationPlatforms) = postSolution
		{FED8640D-6BC3-4CEB-A243-5779030FFE6A}.Debug|Any CPU.ActiveCfg = Debug|Any CPU
		{FED8640D-6BC3-4CEB-A243-5779030FFE6A}.Debug|Any CPU.Build.0 = Debug|Any CPU
		{FED8640D-6BC3-4CEB-A243-5779030FFE6A}.Release|Any CPU.ActiveCfg = Release|Any CPU
		{FED8640D-6BC3-4CEB-A243-5779030FFE6A}.Release|Any CPU.Build.0 = Release|Any CPU
		{6F74A014-CB86-4214-8C8B-75494624B524}.Debug|Any CPU.ActiveCfg = Debug|Any CPU
		{6F74A014-CB86-4214-8C8B-75494624B524}.Debug|Any CPU.Build.0 = Debug|Any CPU
		{6F74A014-CB86-4214-8C8B-75494624B524}.Release|Any CPU.ActiveCfg = Release|Any CPU
		{6F74A014-CB86-4214-8C8B-75494624B524}.Release|Any CPU.Build.0 = Release|Any CPU
		{98EF8562-29F3-445B-926E-BE4462740F01}.Debug|Any CPU.ActiveCfg = Debug|Any CPU
		{98EF8562-29F3-445B-926E-BE4462740F01}.Debug|Any CPU.Build.0 = Debug|Any CPU
		{98EF8562-29F3-445B-926E-BE4462740F01}.Release|Any CPU.ActiveCfg = Release|Any CPU
		{98EF8562-29F3-445B-926E-BE4462740F01}.Release|Any CPU.Build.0 = Release|Any CPU
		{063736DB-C729-4C64-81EF-11E1634F1B3A}.Debug|Any CPU.ActiveCfg = Debug|Any CPU
		{063736DB-C729-4C64-81EF-11E1634F1B3A}.Debug|Any CPU.Build.0 = Debug|Any CPU
		{063736DB-C729-4C64-81EF-11E1634F1B3A}.Release|Any CPU.ActiveCfg = Release|Any CPU
		{063736DB-C729-4C64-81EF-11E1634F1B3A}.Release|Any CPU.Build.0 = Release|Any CPU
		{67D20CD2-81F9-4EA0-B141-386E9D40D5AB}.Debug|Any CPU.ActiveCfg = Debug|Any CPU
		{67D20CD2-81F9-4EA0-B141-386E9D40D5AB}.Debug|Any CPU.Build.0 = Debug|Any CPU
		{67D20CD2-81F9-4EA0-B141-386E9D40D5AB}.Release|Any CPU.ActiveCfg = Release|Any CPU
		{67D20CD2-81F9-4EA0-B141-386E9D40D5AB}.Release|Any CPU.Build.0 = Release|Any CPU
		{13B582B2-AD87-4E4B-AB9B-2A37F73084DB}.Debug|Any CPU.ActiveCfg = Debug|Any CPU
		{13B582B2-AD87-4E4B-AB9B-2A37F73084DB}.Debug|Any CPU.Build.0 = Debug|Any CPU
		{13B582B2-AD87-4E4B-AB9B-2A37F73084DB}.Release|Any CPU.ActiveCfg = Release|Any CPU
		{13B582B2-AD87-4E4B-AB9B-2A37F73084DB}.Release|Any CPU.Build.0 = Release|Any CPU
		{43E579C4-9F62-4640-B06A-3497A4A618BC}.Debug|Any CPU.ActiveCfg = Debug|Any CPU
		{43E579C4-9F62-4640-B06A-3497A4A618BC}.Debug|Any CPU.Build.0 = Debug|Any CPU
		{43E579C4-9F62-4640-B06A-3497A4A618BC}.Release|Any CPU.ActiveCfg = Release|Any CPU
		{43E579C4-9F62-4640-B06A-3497A4A618BC}.Release|Any CPU.Build.0 = Release|Any CPU
		{084CA24F-FB2A-4D29-955C-C4D953022509}.Debug|Any CPU.ActiveCfg = Debug|Any CPU
		{084CA24F-FB2A-4D29-955C-C4D953022509}.Debug|Any CPU.Build.0 = Debug|Any CPU
		{084CA24F-FB2A-4D29-955C-C4D953022509}.Release|Any CPU.ActiveCfg = Release|Any CPU
		{084CA24F-FB2A-4D29-955C-C4D953022509}.Release|Any CPU.Build.0 = Release|Any CPU
		{695F3697-54B6-44C5-B442-E99E8FD92F95}.Debug|Any CPU.ActiveCfg = Debug|Any CPU
		{695F3697-54B6-44C5-B442-E99E8FD92F95}.Debug|Any CPU.Build.0 = Debug|Any CPU
		{695F3697-54B6-44C5-B442-E99E8FD92F95}.Release|Any CPU.ActiveCfg = Release|Any CPU
		{695F3697-54B6-44C5-B442-E99E8FD92F95}.Release|Any CPU.Build.0 = Release|Any CPU
		{B1EEBF75-9D0D-4665-9C58-D795A13EE762}.Debug|Any CPU.ActiveCfg = Debug|Any CPU
		{B1EEBF75-9D0D-4665-9C58-D795A13EE762}.Debug|Any CPU.Build.0 = Debug|Any CPU
		{B1EEBF75-9D0D-4665-9C58-D795A13EE762}.Release|Any CPU.ActiveCfg = Release|Any CPU
		{B1EEBF75-9D0D-4665-9C58-D795A13EE762}.Release|Any CPU.Build.0 = Release|Any CPU
	EndGlobalSection
EndGlobal
